
Microsoft Visual Studio Solution File, Format Version 12.00
# Visual Studio 15
VisualStudioVersion = 15.0.27428.2037
MinimumVisualStudioVersion = 10.0.40219.1
Project("{159641D6-6404-4A2A-AE62-294DE0FE8301}") = "Integration Services Stage Elsys", "Integration Services Stage Elsys\Integration Services Stage Elsys.dtproj", "{DC999743-FEF9-4BDF-85FC-8AD080AC7944}"
EndProject
Global
	GlobalSection(SolutionConfigurationPlatforms) = preSolution
		Development|Default = Development|Default
	EndGlobalSection
	GlobalSection(ProjectConfigurationPlatforms) = postSolution
		{DC999743-FEF9-4BDF-85FC-8AD080AC7944}.Development|Default.ActiveCfg = Development
		{DC999743-FEF9-4BDF-85FC-8AD080AC7944}.Development|Default.Build.0 = Development
	EndGlobalSection
	GlobalSection(SolutionProperties) = preSolution
		HideSolutionNode = FALSE
	EndGlobalSection
	GlobalSection(ExtensibilityGlobals) = postSolution
		SolutionGuid = {6AE37B52-1AC3-479F-9A15-D9A90CA8489D}
	EndGlobalSection
EndGlobal
